
Microsoft Visual Studio Solution File, Format Version 12.00
# Visual Studio Version 17
VisualStudioVersion = 17.14.36327.8 d17.14
MinimumVisualStudioVersion = 10.0.40219.1
Project("{FAE04EC0-301F-11D3-BF4B-00C04F79EFBC}") = "PingApp", "PingApplication\PingApp.csproj", "{F4DA0889-44C9-447E-8844-BD3A80627870}"
EndProject
Project("{FAE04EC0-301F-11D3-BF4B-00C04F79EFBC}") = "PingApp.Models", "PingApp.Models\PingApp.Models.csproj", "{601C8E01-0EBB-4D5B-8BB9-5D2ECFC73E38}"
EndProject
Project("{FAE04EC0-301F-11D3-BF4B-00C04F79EFBC}") = "PingApp.Services", "PingApp.Services\PingApp.Services.csproj", "{1D63A731-489D-48EF-8E89-99FC5B805563}"
EndProject
Project("{FAE04EC0-301F-11D3-BF4B-00C04F79EFBC}") = "PingApp.Interfaces", "PingApp.Interfaces\PingApp.Interfaces.csproj", "{241D589F-4547-4F63-8B6C-DD0A0E031045}"
EndProject
Project("{FAE04EC0-301F-11D3-BF4B-00C04F79EFBC}") = "PingApp.ViewModels", "PingApp.ViewModels\PingApp.ViewModels.csproj", "{846CC346-2F43-48F0-9C2E-4708C49C1319}"
EndProject
Global
	GlobalSection(SolutionConfigurationPlatforms) = preSolution
		Debug|Any CPU = Debug|Any CPU
		Release|Any CPU = Release|Any CPU
	EndGlobalSection
	GlobalSection(ProjectConfigurationPlatforms) = postSolution
		{F4DA0889-44C9-447E-8844-BD3A80627870}.Debug|Any CPU.ActiveCfg = Debug|Any CPU
		{F4DA0889-44C9-447E-8844-BD3A80627870}.Debug|Any CPU.Build.0 = Debug|Any CPU
		{F4DA0889-44C9-447E-8844-BD3A80627870}.Release|Any CPU.ActiveCfg = Release|Any CPU
		{F4DA0889-44C9-447E-8844-BD3A80627870}.Release|Any CPU.Build.0 = Release|Any CPU
		{601C8E01-0EBB-4D5B-8BB9-5D2ECFC73E38}.Debug|Any CPU.ActiveCfg = Debug|Any CPU
		{601C8E01-0EBB-4D5B-8BB9-5D2ECFC73E38}.Debug|Any CPU.Build.0 = Debug|Any CPU
		{601C8E01-0EBB-4D5B-8BB9-5D2ECFC73E38}.Release|Any CPU.ActiveCfg = Release|Any CPU
		{601C8E01-0EBB-4D5B-8BB9-5D2ECFC73E38}.Release|Any CPU.Build.0 = Release|Any CPU
		{1D63A731-489D-48EF-8E89-99FC5B805563}.Debug|Any CPU.ActiveCfg = Debug|Any CPU
		{1D63A731-489D-48EF-8E89-99FC5B805563}.Debug|Any CPU.Build.0 = Debug|Any CPU
		{1D63A731-489D-48EF-8E89-99FC5B805563}.Release|Any CPU.ActiveCfg = Release|Any CPU
		{1D63A731-489D-48EF-8E89-99FC5B805563}.Release|Any CPU.Build.0 = Release|Any CPU
		{241D589F-4547-4F63-8B6C-DD0A0E031045}.Debug|Any CPU.ActiveCfg = Debug|Any CPU
		{241D589F-4547-4F63-8B6C-DD0A0E031045}.Debug|Any CPU.Build.0 = Debug|Any CPU
		{241D589F-4547-4F63-8B6C-DD0A0E031045}.Release|Any CPU.ActiveCfg = Release|Any CPU
		{241D589F-4547-4F63-8B6C-DD0A0E031045}.Release|Any CPU.Build.0 = Release|Any CPU
		{846CC346-2F43-48F0-9C2E-4708C49C1319}.Debug|Any CPU.ActiveCfg = Debug|Any CPU
		{846CC346-2F43-48F0-9C2E-4708C49C1319}.Debug|Any CPU.Build.0 = Debug|Any CPU
		{846CC346-2F43-48F0-9C2E-4708C49C1319}.Release|Any CPU.ActiveCfg = Release|Any CPU
		{846CC346-2F43-48F0-9C2E-4708C49C1319}.Release|Any CPU.Build.0 = Release|Any CPU
	EndGlobalSection
	GlobalSection(SolutionProperties) = preSolution
		HideSolutionNode = FALSE
	EndGlobalSection
	GlobalSection(ExtensibilityGlobals) = postSolution
		SolutionGuid = {A689C507-A204-4EB2-B359-BD7A6D8699D8}
	EndGlobalSection
EndGlobal
